PODS:
  - BlocksKit (2.2.5):
    - BlocksKit/All (= 2.2.5)
  - BlocksKit/All (2.2.5):
    - BlocksKit/Core
    - BlocksKit/DynamicDelegate
    - BlocksKit/MessageUI
    - BlocksKit/UIKit
  - BlocksKit/Core (2.2.5)
  - BlocksKit/DynamicDelegate (2.2.5)
  - BlocksKit/MessageUI (2.2.5):
    - BlocksKit/Core
    - BlocksKit/DynamicDelegate
  - BlocksKit/UIKit (2.2.5):
    - BlocksKit/Core
    - BlocksKit/DynamicDelegate
  - Masonry (0.5.3)
  - MBProgressHUD (0.9)
  - MJRefresh (3.1.0)
  - SDWebImage (3.8.1):
    - SDWebImage/Core (= 3.8.1)
  - SDWebImage/Core (3.8.1)

DEPENDENCIES:
  - BlocksKit (= 2.2.5)
  - Masonry (= 0.5.3)
  - MBProgressHUD (= 0.9)
  - MJRefresh (~> 3.1.0)
  - SDWebImage (~> 3.8.1)

SPEC CHECKSUMS:
  BlocksKit: 7f422b971407001178d181a43b99014ea2591fe6
  Masonry: 9f515466afe48632562342a40a1c224071a1a022
  MBProgressHUD: d8e7ea388dc1549a42e0d219067cf5f2c898fb66
  MJRefresh: 743e6404967d1c2c688472ea3ecfde247d872db4
  SDWebImage: 35f9627a3e44b4f292a8a8ce6a531fa488239b91

COCOAPODS: 0.39.0
